
Microsoft Visual Studio Solution File, Format Version 12.00
# Visual Studio Version 16
VisualStudioVersion = 16.0.30503.244
MinimumVisualStudioVersion = 10.0.40219.1
Project("{FAE04EC0-301F-11D3-BF4B-00C04F79EFBC}") = "ShopSimAndresKarl", "ShopSimAndresKarl\ShopSimAndresKarl.csproj", "{2EBA1CBD-12B7-42DF-9453-5C98ADD8C1FB}"
EndProject
Global
	GlobalSection(SolutionConfigurationPlatforms) = preSolution
		Debug|Any CPU = Debug|Any CPU
		Release|Any CPU = Release|Any CPU
	EndGlobalSection
	GlobalSection(ProjectConfigurationPlatforms) = postSolution
		{2EBA1CBD-12B7-42DF-9453-5C98ADD8C1FB}.Debug|Any CPU.ActiveCfg = Debug|Any CPU
		{2EBA1CBD-12B7-42DF-9453-5C98ADD8C1FB}.Debug|Any CPU.Build.0 = Debug|Any CPU
		{2EBA1CBD-12B7-42DF-9453-5C98ADD8C1FB}.Release|Any CPU.ActiveCfg = Release|Any CPU
		{2EBA1CBD-12B7-42DF-9453-5C98ADD8C1FB}.Release|Any CPU.Build.0 = Release|Any CPU
	EndGlobalSection
	GlobalSection(SolutionProperties) = preSolution
		HideSolutionNode = FALSE
	EndGlobalSection
	GlobalSection(ExtensibilityGlobals) = postSolution
		SolutionGuid = {274ED026-7C12-4131-95D8-D5EDBC72084E}
	EndGlobalSection
EndGlobal
